
Microsoft Visual Studio Solution File, Format Version 12.00
Project("{FAE04EC0-301F-11D3-BF4B-00C04F79EFBC}") = "Intigriti.Webhook", "Intigriti.Webhook\Intigriti.Webhook.csproj", "{2883F1D5-E064-43D7-9D73-7A8BDCA2EB4B}"
EndProject
Global
	GlobalSection(SolutionConfigurationPlatforms) = preSolution
		Debug|Any CPU = Debug|Any CPU
		Release|Any CPU = Release|Any CPU
	EndGlobalSection
	GlobalSection(ProjectConfigurationPlatforms) = postSolution
		{2883F1D5-E064-43D7-9D73-7A8BDCA2EB4B}.Debug|Any CPU.ActiveCfg = Debug|Any CPU
		{2883F1D5-E064-43D7-9D73-7A8BDCA2EB4B}.Debug|Any CPU.Build.0 = Debug|Any CPU
		{2883F1D5-E064-43D7-9D73-7A8BDCA2EB4B}.Release|Any CPU.ActiveCfg = Release|Any CPU
		{2883F1D5-E064-43D7-9D73-7A8BDCA2EB4B}.Release|Any CPU.Build.0 = Release|Any CPU
	EndGlobalSection
EndGlobal
